{
  "object": {
    "pins": [
      {
        "package": "ShortcutRecorder",
        "repositoryURL": "https://github.com/Kentzo/ShortcutRecorder",
        "state": {
          "branch": null,
          "revision": "c86ce0f9be5353ba998966121c7631602a9a36f7",
          "version": "3.4.0"
        }
      }
    ]
  },
  "version": 1
}
