// !$*UTF8*$!
{
	archiveVersion = 1;
	classes = {
	};
	objectVersion = 54;
	objects = {

/* Begin PBXBuildFile section */
		DA2ECE6A259A1800009542DB /* DPLPreferenceItem.m in Sources */ = {isa = PBXBuildFile; fileRef = DA2ECE69259A1800009542DB /* DPLPreferenceItem.m */; };
		DA3DC73D2598972F00275021 /* InfoPlist.strings in Resources */ = {isa = PBXBuildFile; fileRef = DA3DC73B2598972F00275021 /* InfoPlist.strings */; };
		DA425FE825E100BC007A78BD /* DPLPreferencesContentViewController.m in Sources */ = {isa = PBXBuildFile; fileRef = DA425FE525E100BC007A78BD /* DPLPreferencesContentViewController.m */; };
		DA425FF325E101F4007A78BD /* DPLDisplayViewController.xib in Resources */ = {isa = PBXBuildFile; fileRef = DA425FF225E101F4007A78BD /* DPLDisplayViewController.xib */; };
		DA425FF825E10582007A78BD /* DPLGeneralPreferencesViewController.xib in Resources */ = {isa = PBXBuildFile; fileRef = DA425FF725E10582007A78BD /* DPLGeneralPreferencesViewController.xib */; };
		DA5D27632598E6BA000416F4 /* DPLDisplaysViewController.m in Sources */ = {isa = PBXBuildFile; fileRef = DA5D27622598E6BA000416F4 /* DPLDisplaysViewController.m */; };
		DA6E0F8D259A591D001316A1 /* DPLDisplayViewController.m in Sources */ = {isa = PBXBuildFile; fileRef = DA6E0F8C259A591D001316A1 /* DPLDisplayViewController.m */; };
		DA6E0F93259A592A001316A1 /* DPLGeneralPreferencesViewController.m in Sources */ = {isa = PBXBuildFile; fileRef = DA6E0F92259A592A001316A1 /* DPLGeneralPreferencesViewController.m */; };
		DA7945A32598E17C00368E9A /* DPLPreferencesWindowController.m in Sources */ = {isa = PBXBuildFile; fileRef = DA7945A22598E17C00368E9A /* DPLPreferencesWindowController.m */; };
		DA8063EE281C53FE006AE594 /* DPLLocalizedStrings.m in Sources */ = {isa = PBXBuildFile; fileRef = DA8063ED281C53FE006AE594 /* DPLLocalizedStrings.m */; };
		DA87E90D25A076C800784FB5 /* DPLShortcutMonitor.m in Sources */ = {isa = PBXBuildFile; fileRef = DA87E90C25A076C800784FB5 /* DPLShortcutMonitor.m */; };
		DAAA6B3225D86D89003BF8E7 /* DPLDisplayModeUserNotification.m in Sources */ = {isa = PBXBuildFile; fileRef = DAAA6B3125D86D89003BF8E7 /* DPLDisplayModeUserNotification.m */; };
		DAB11482258E85FB008C2BE8 /* DPLMenuController.m in Sources */ = {isa = PBXBuildFile; fileRef = DAB11481258E85FB008C2BE8 /* DPLMenuController.m */; };
		DAB83E99281EE6E300819589 /* DPLPreferencesLocalizedStrings.m in Sources */ = {isa = PBXBuildFile; fileRef = DAB83E98281EE6E300819589 /* DPLPreferencesLocalizedStrings.m */; };
		DAC91F5D2532F6B200A08DE0 /* Assets.xcassets in Resources */ = {isa = PBXBuildFile; fileRef = DAC91F5C2532F6B200A08DE0 /* Assets.xcassets */; };
		DAC91F602532F6B200A08DE0 /* MainMenu.xib in Resources */ = {isa = PBXBuildFile; fileRef = DAC91F5E2532F6B200A08DE0 /* MainMenu.xib */; };
		DAC91F632532F6B200A08DE0 /* main.m in Sources */ = {isa = PBXBuildFile; fileRef = DAC91F622532F6B200A08DE0 /* main.m */; };
		DAD660852597B110007E8969 /* DPLAppDelegate.m in Sources */ = {isa = PBXBuildFile; fileRef = DAD660842597B110007E8969 /* DPLAppDelegate.m */; };
		DAD6608A2597B112007E8969 /* Assets.xcassets in Resources */ = {isa = PBXBuildFile; fileRef = DAD660892597B112007E8969 /* Assets.xcassets */; };
		DAD6608D2597B112007E8969 /* Main.storyboard in Resources */ = {isa = PBXBuildFile; fileRef = DAD6608B2597B112007E8969 /* Main.storyboard */; };
		DAD660902597B112007E8969 /* main.m in Sources */ = {isa = PBXBuildFile; fileRef = DAD6608F2597B112007E8969 /* main.m */; };
		DAD660AB2597B1A1007E8969 /* Displace Settings.app in Embed Preferences */ = {isa = PBXBuildFile; fileRef = DAD660812597B110007E8969 /* Displace Settings.app */; settings = {ATTRIBUTES = (RemoveHeadersOnCopy, ); }; };
		DAEAF1C527CAB84900EFF33F /* DisplaceKit in Frameworks */ = {isa = PBXBuildFile; productRef = DAEAF1C427CAB84900EFF33F /* DisplaceKit */; };
		DAEAF1C927CAB84E00EFF33F /* DisplaceKit in Frameworks */ = {isa = PBXBuildFile; productRef = DAEAF1C827CAB84E00EFF33F /* DisplaceKit */; };
		DAEAF1CA27CAB84E00EFF33F /* DisplaceKit in Embed Frameworks */ = {isa = PBXBuildFile; productRef = DAEAF1C827CAB84E00EFF33F /* DisplaceKit */; settings = {ATTRIBUTES = (CodeSignOnCopy, ); }; };
		DAFD864E258D3712004EB800 /* DPLAppController.m in Sources */ = {isa = PBXBuildFile; fileRef = DAFD864D258D3712004EB800 /* DPLAppController.m */; };
/* End PBXBuildFile section */

/* Begin PBXContainerItemProxy section */
		DAD660A22597B16F007E8969 /* PBXContainerItemProxy */ = {
			isa = PBXContainerItemProxy;
			containerPortal = DAC91F4E2532F6B200A08DE0 /* Project object */;
			proxyType = 1;
			remoteGlobalIDString = DAD660802597B110007E8969;
			remoteInfo = DPLPreferences;
		};
/* End PBXContainerItemProxy section */

/* Begin PBXCopyFilesBuildPhase section */
		DAD660AA2597B18D007E8969 /* Embed Preferences */ = {
			isa = PBXCopyFilesBuildPhase;
			buildActionMask = 2147483647;
			dstPath = "";
			dstSubfolderSpec = 6;
			files = (
				DAD660AB2597B1A1007E8969 /* Displace Settings.app in Embed Preferences */,
			);
			name = "Embed Preferences";
			runOnlyForDeploymentPostprocessing = 0;
		};
		DAEAF1C727CAB84900EFF33F /* Embed Frameworks */ = {
			isa = PBXCopyFilesBuildPhase;
			buildActionMask = 2147483647;
			dstPath = "";
			dstSubfolderSpec = 10;
			files = (
			);
			name = "Embed Frameworks";
			runOnlyForDeploymentPostprocessing = 0;
		};
		DAEAF1CB27CAB84E00EFF33F /* Embed Frameworks */ = {
			isa = PBXCopyFilesBuildPhase;
			buildActionMask = 2147483647;
			dstPath = "";
			dstSubfolderSpec = 10;
			files = (
				DAEAF1CA27CAB84E00EFF33F /* DisplaceKit in Embed Frameworks */,
			);
			name = "Embed Frameworks";
			runOnlyForDeploymentPostprocessing = 0;
		};
/* End PBXCopyFilesBuildPhase section */

/* Begin PBXFileReference section */
		DA2ECE68259A1800009542DB /* DPLPreferenceItem.h */ = {isa = PBXFileReference; lastKnownFileType = sourcecode.c.h; path = DPLPreferenceItem.h; sourceTree = "<group>"; };
		DA2ECE69259A1800009542DB /* DPLPreferenceItem.m */ = {isa = PBXFileReference; lastKnownFileType = sourcecode.c.objc; path = DPLPreferenceItem.m; sourceTree = "<group>"; };
		DA3314ED259BA6B000B208F6 /* Configuration.xcconfig */ = {isa = PBXFileReference; lastKnownFileType = text.xcconfig; path = Configuration.xcconfig; sourceTree = SOURCE_ROOT; };
		DA384B5425D8025C0052C1AC /* DPLDefines.h */ = {isa = PBXFileReference; lastKnownFileType = sourcecode.c.h; path = DPLDefines.h; sourceTree = "<group>"; };
		DA3DC733259890DC00275021 /* Cocoa.framework */ = {isa = PBXFileReference; lastKnownFileType = wrapper.framework; name = Cocoa.framework; path = System/Library/Frameworks/Cocoa.framework; sourceTree = SDKROOT; };
		DA3DC73C2598972F00275021 /* en */ = {isa = PBXFileReference; lastKnownFileType = text.plist.strings; name = en; path = en.lproj/InfoPlist.strings; sourceTree = "<group>"; };
		DA425FE525E100BC007A78BD /* DPLPreferencesContentViewController.m */ = {isa = PBXFileReference; fileEncoding = 4; lastKnownFileType = sourcecode.c.objc; path = DPLPreferencesContentViewController.m; sourceTree = "<group>"; };
		DA425FE625E100BC007A78BD /* DPLPreferencesContentViewControllers.h */ = {isa = PBXFileReference; fileEncoding = 4; lastKnownFileType = sourcecode.c.h; path = DPLPreferencesContentViewControllers.h; sourceTree = "<group>"; };
		DA425FE725E100BC007A78BD /* DPLPreferencesContentViewController.h */ = {isa = PBXFileReference; fileEncoding = 4; lastKnownFileType = sourcecode.c.h; path = DPLPreferencesContentViewController.h; sourceTree = "<group>"; };
		DA425FF225E101F4007A78BD /* DPLDisplayViewController.xib */ = {isa = PBXFileReference; lastKnownFileType = file.xib; path = DPLDisplayViewController.xib; sourceTree = "<group>"; };
		DA425FF725E10582007A78BD /* DPLGeneralPreferencesViewController.xib */ = {isa = PBXFileReference; lastKnownFileType = file.xib; path = DPLGeneralPreferencesViewController.xib; sourceTree = "<group>"; };
		DA4F4E0225B3872F00F82E1D /* Metal.framework */ = {isa = PBXFileReference; lastKnownFileType = wrapper.framework; name = Metal.framework; path = System/Library/Frameworks/Metal.framework; sourceTree = SDKROOT; };
		DA5D27612598E6BA000416F4 /* DPLDisplaysViewController.h */ = {isa = PBXFileReference; lastKnownFileType = sourcecode.c.h; path = DPLDisplaysViewController.h; sourceTree = "<group>"; };
		DA5D27622598E6BA000416F4 /* DPLDisplaysViewController.m */ = {isa = PBXFileReference; lastKnownFileType = sourcecode.c.objc; path = DPLDisplaysViewController.m; sourceTree = "<group>"; };
		DA6E0F8B259A591D001316A1 /* DPLDisplayViewController.h */ = {isa = PBXFileReference; lastKnownFileType = sourcecode.c.h; path = DPLDisplayViewController.h; sourceTree = "<group>"; };
		DA6E0F8C259A591D001316A1 /* DPLDisplayViewController.m */ = {isa = PBXFileReference; lastKnownFileType = sourcecode.c.objc; path = DPLDisplayViewController.m; sourceTree = "<group>"; };
		DA6E0F91259A592A001316A1 /* DPLGeneralPreferencesViewController.h */ = {isa = PBXFileReference; lastKnownFileType = sourcecode.c.h; path = DPLGeneralPreferencesViewController.h; sourceTree = "<group>"; };
		DA6E0F92259A592A001316A1 /* DPLGeneralPreferencesViewController.m */ = {isa = PBXFileReference; lastKnownFileType = sourcecode.c.objc; path = DPLGeneralPreferencesViewController.m; sourceTree = "<group>"; };
		DA7945A12598E17C00368E9A /* DPLPreferencesWindowController.h */ = {isa = PBXFileReference; lastKnownFileType = sourcecode.c.h; path = DPLPreferencesWindowController.h; sourceTree = "<group>"; };
		DA7945A22598E17C00368E9A /* DPLPreferencesWindowController.m */ = {isa = PBXFileReference; lastKnownFileType = sourcecode.c.objc; path = DPLPreferencesWindowController.m; sourceTree = "<group>"; };
		DA8063EC281C53FE006AE594 /* DPLLocalizedStrings.h */ = {isa = PBXFileReference; lastKnownFileType = sourcecode.c.h; path = DPLLocalizedStrings.h; sourceTree = "<group>"; };
		DA8063ED281C53FE006AE594 /* DPLLocalizedStrings.m */ = {isa = PBXFileReference; lastKnownFileType = sourcecode.c.objc; path = DPLLocalizedStrings.m; sourceTree = "<group>"; };
		DA87E90B25A076C800784FB5 /* DPLShortcutMonitor.h */ = {isa = PBXFileReference; lastKnownFileType = sourcecode.c.h; path = DPLShortcutMonitor.h; sourceTree = "<group>"; };
		DA87E90C25A076C800784FB5 /* DPLShortcutMonitor.m */ = {isa = PBXFileReference; lastKnownFileType = sourcecode.c.objc; path = DPLShortcutMonitor.m; sourceTree = "<group>"; };
		DAAA6B3025D86D89003BF8E7 /* DPLDisplayModeUserNotification.h */ = {isa = PBXFileReference; lastKnownFileType = sourcecode.c.h; path = DPLDisplayModeUserNotification.h; sourceTree = "<group>"; };
		DAAA6B3125D86D89003BF8E7 /* DPLDisplayModeUserNotification.m */ = {isa = PBXFileReference; lastKnownFileType = sourcecode.c.objc; path = DPLDisplayModeUserNotification.m; sourceTree = "<group>"; };
		DAAA6B5F25D91A5D003BF8E7 /* UserNotifications.framework */ = {isa = PBXFileReference; lastKnownFileType = wrapper.framework; name = UserNotifications.framework; path = System/Library/Frameworks/UserNotifications.framework; sourceTree = SDKROOT; };
		DAAF057825978B4600ED206F /* CoreGraphics.framework */ = {isa = PBXFileReference; lastKnownFileType = wrapper.framework; name = CoreGraphics.framework; path = System/Library/Frameworks/CoreGraphics.framework; sourceTree = SDKROOT; };
		DAB11480258E85FB008C2BE8 /* DPLMenuController.h */ = {isa = PBXFileReference; lastKnownFileType = sourcecode.c.h; path = DPLMenuController.h; sourceTree = "<group>"; };
		DAB11481258E85FB008C2BE8 /* DPLMenuController.m */ = {isa = PBXFileReference; lastKnownFileType = sourcecode.c.objc; path = DPLMenuController.m; sourceTree = "<group>"; };
		DAB83E97281EE6E300819589 /* DPLPreferencesLocalizedStrings.h */ = {isa = PBXFileReference; lastKnownFileType = sourcecode.c.h; path = DPLPreferencesLocalizedStrings.h; sourceTree = "<group>"; };
		DAB83E98281EE6E300819589 /* DPLPreferencesLocalizedStrings.m */ = {isa = PBXFileReference; lastKnownFileType = sourcecode.c.objc; path = DPLPreferencesLocalizedStrings.m; sourceTree = "<group>"; };
		DAC91F562532F6B200A08DE0 /* Displace.app */ = {isa = PBXFileReference; explicitFileType = wrapper.application; includeInIndex = 0; path = Displace.app; sourceTree = BUILT_PRODUCTS_DIR; };
		DAC91F5C2532F6B200A08DE0 /* Assets.xcassets */ = {isa = PBXFileReference; lastKnownFileType = folder.assetcatalog; path = Assets.xcassets; sourceTree = "<group>"; };
		DAC91F5F2532F6B200A08DE0 /* Base */ = {isa = PBXFileReference; lastKnownFileType = file.xib; name = Base; path = Base.lproj/MainMenu.xib; sourceTree = "<group>"; };
		DAC91F612532F6B200A08DE0 /* Info.plist */ = {isa = PBXFileReference; lastKnownFileType = text.plist.xml; path = Info.plist; sourceTree = "<group>"; };
		DAC91F622532F6B200A08DE0 /* main.m */ = {isa = PBXFileReference; lastKnownFileType = sourcecode.c.objc; path = main.m; sourceTree = "<group>"; };
		DAC91F642532F6B200A08DE0 /* Displace.entitlements */ = {isa = PBXFileReference; lastKnownFileType = text.plist.entitlements; path = Displace.entitlements; sourceTree = "<group>"; };
		DAD660812597B110007E8969 /* Displace Settings.app */ = {isa = PBXFileReference; explicitFileType = wrapper.application; includeInIndex = 0; path = "Displace Settings.app"; sourceTree = BUILT_PRODUCTS_DIR; };
		DAD660832597B110007E8969 /* DPLAppDelegate.h */ = {isa = PBXFileReference; lastKnownFileType = sourcecode.c.h; path = DPLAppDelegate.h; sourceTree = "<group>"; };
		DAD660842597B110007E8969 /* DPLAppDelegate.m */ = {isa = PBXFileReference; lastKnownFileType = sourcecode.c.objc; path = DPLAppDelegate.m; sourceTree = "<group>"; };
		DAD660892597B112007E8969 /* Assets.xcassets */ = {isa = PBXFileReference; lastKnownFileType = folder.assetcatalog; path = Assets.xcassets; sourceTree = "<group>"; };
		DAD6608C2597B112007E8969 /* Base */ = {isa = PBXFileReference; lastKnownFileType = file.storyboard; name = Base; path = Base.lproj/Main.storyboard; sourceTree = "<group>"; };
		DAD6608E2597B112007E8969 /* Info.plist */ = {isa = PBXFileReference; lastKnownFileType = text.plist.xml; path = Info.plist; sourceTree = "<group>"; };
		DAD6608F2597B112007E8969 /* main.m */ = {isa = PBXFileReference; lastKnownFileType = sourcecode.c.objc; path = main.m; sourceTree = "<group>"; };
		DAD660912597B112007E8969 /* DPLSettings.entitlements */ = {isa = PBXFileReference; lastKnownFileType = text.plist.entitlements; path = DPLSettings.entitlements; sourceTree = "<group>"; };
		DAFD864C258D3712004EB800 /* DPLAppController.h */ = {isa = PBXFileReference; lastKnownFileType = sourcecode.c.h; path = DPLAppController.h; sourceTree = "<group>"; };
		DAFD864D258D3712004EB800 /* DPLAppController.m */ = {isa = PBXFileReference; lastKnownFileType = sourcecode.c.objc; path = DPLAppController.m; sourceTree = "<group>"; };
/* End PBXFileReference section */

/* Begin PBXFrameworksBuildPhase section */
		DAC91F532532F6B200A08DE0 /* Frameworks */ = {
			isa = PBXFrameworksBuildPhase;
			buildActionMask = 2147483647;
			files = (
				DAEAF1C527CAB84900EFF33F /* DisplaceKit in Frameworks */,
			);
			runOnlyForDeploymentPostprocessing = 0;
		};
		DAD6607E2597B110007E8969 /* Frameworks */ = {
			isa = PBXFrameworksBuildPhase;
			buildActionMask = 2147483647;
			files = (
				DAEAF1C927CAB84E00EFF33F /* DisplaceKit in Frameworks */,
			);
			runOnlyForDeploymentPostprocessing = 0;
		};
/* End PBXFrameworksBuildPhase section */

/* Begin PBXGroup section */
		DA425FE425E100BC007A78BD /* DPLPreferencesContentViewController */ = {
			isa = PBXGroup;
			children = (
				DA425FE625E100BC007A78BD /* DPLPreferencesContentViewControllers.h */,
				DA425FE725E100BC007A78BD /* DPLPreferencesContentViewController.h */,
				DA425FE525E100BC007A78BD /* DPLPreferencesContentViewController.m */,
			);
			path = DPLPreferencesContentViewController;
			sourceTree = "<group>";
		};
		DA643AD72532FAE800F0A49A /* Frameworks */ = {
			isa = PBXGroup;
			children = (
				DAAA6B5F25D91A5D003BF8E7 /* UserNotifications.framework */,
				DA4F4E0225B3872F00F82E1D /* Metal.framework */,
				DA3DC733259890DC00275021 /* Cocoa.framework */,
				DAAF057825978B4600ED206F /* CoreGraphics.framework */,
			);
			name = Frameworks;
			sourceTree = "<group>";
		};
		DA9266A325C6A1C9008D774A /* DPLDisplaysViewController */ = {
			isa = PBXGroup;
			children = (
				DA7945A12598E17C00368E9A /* DPLPreferencesWindowController.h */,
				DA7945A22598E17C00368E9A /* DPLPreferencesWindowController.m */,
				DA5D27612598E6BA000416F4 /* DPLDisplaysViewController.h */,
				DA5D27622598E6BA000416F4 /* DPLDisplaysViewController.m */,
				DA2ECE68259A1800009542DB /* DPLPreferenceItem.h */,
				DA2ECE69259A1800009542DB /* DPLPreferenceItem.m */,
			);
			path = DPLDisplaysViewController;
			sourceTree = "<group>";
		};
		DA9266A425C6A1E7008D774A /* DPLDisplayViewController */ = {
			isa = PBXGroup;
			children = (
				DA6E0F8B259A591D001316A1 /* DPLDisplayViewController.h */,
				DA6E0F8C259A591D001316A1 /* DPLDisplayViewController.m */,
				DA425FF225E101F4007A78BD /* DPLDisplayViewController.xib */,
			);
			path = DPLDisplayViewController;
			sourceTree = "<group>";
		};
		DA9266A825C6A1EE008D774A /* DPLGeneralPreferencesViewController */ = {
			isa = PBXGroup;
			children = (
				DA6E0F91259A592A001316A1 /* DPLGeneralPreferencesViewController.h */,
				DA6E0F92259A592A001316A1 /* DPLGeneralPreferencesViewController.m */,
				DA425FF725E10582007A78BD /* DPLGeneralPreferencesViewController.xib */,
			);
			path = DPLGeneralPreferencesViewController;
			sourceTree = "<group>";
		};
		DAAA87A52597D7D000399006 /* Other… */ = {
			isa = PBXGroup;
			children = (
				DAD660892597B112007E8969 /* Assets.xcassets */,
				DAD6608E2597B112007E8969 /* Info.plist */,
				DA3DC73B2598972F00275021 /* InfoPlist.strings */,
				DAD6608F2597B112007E8969 /* main.m */,
				DAD660912597B112007E8969 /* DPLSettings.entitlements */,
			);
			name = "Other…";
			sourceTree = "<group>";
		};
		DAAF059825978FBC00ED206F /* Other… */ = {
			isa = PBXGroup;
			children = (
				DAC91F5C2532F6B200A08DE0 /* Assets.xcassets */,
				DA3314ED259BA6B000B208F6 /* Configuration.xcconfig */,
				DAC91F642532F6B200A08DE0 /* Displace.entitlements */,
				DA384B5425D8025C0052C1AC /* DPLDefines.h */,
				DAC91F612532F6B200A08DE0 /* Info.plist */,
				DAC91F622532F6B200A08DE0 /* main.m */,
				DAC91F5E2532F6B200A08DE0 /* MainMenu.xib */,
			);
			name = "Other…";
			sourceTree = "<group>";
		};
		DAC91F4D2532F6B200A08DE0 = {
			isa = PBXGroup;
			children = (
				DAC91F582532F6B200A08DE0 /* Displace */,
				DAD660822597B110007E8969 /* DPLSettings */,
				DA643AD72532FAE800F0A49A /* Frameworks */,
				DAC91F572532F6B200A08DE0 /* Products */,
			);
			sourceTree = "<group>";
		};
		DAC91F572532F6B200A08DE0 /* Products */ = {
			isa = PBXGroup;
			children = (
				DAC91F562532F6B200A08DE0 /* Displace.app */,
				DAD660812597B110007E8969 /* Displace Settings.app */,
			);
			name = Products;
			sourceTree = "<group>";
		};
		DAC91F582532F6B200A08DE0 /* Displace */ = {
			isa = PBXGroup;
			children = (
				DAFD864C258D3712004EB800 /* DPLAppController.h */,
				DAFD864D258D3712004EB800 /* DPLAppController.m */,
				DAB11480258E85FB008C2BE8 /* DPLMenuController.h */,
				DAB11481258E85FB008C2BE8 /* DPLMenuController.m */,
				DA87E90B25A076C800784FB5 /* DPLShortcutMonitor.h */,
				DA87E90C25A076C800784FB5 /* DPLShortcutMonitor.m */,
				DAAA6B3025D86D89003BF8E7 /* DPLDisplayModeUserNotification.h */,
				DAAA6B3125D86D89003BF8E7 /* DPLDisplayModeUserNotification.m */,
				DA8063EC281C53FE006AE594 /* DPLLocalizedStrings.h */,
				DA8063ED281C53FE006AE594 /* DPLLocalizedStrings.m */,
				DAAF059825978FBC00ED206F /* Other… */,
			);
			path = Displace;
			sourceTree = "<group>";
		};
		DAD660822597B110007E8969 /* DPLSettings */ = {
			isa = PBXGroup;
			children = (
				DAD660832597B110007E8969 /* DPLAppDelegate.h */,
				DAD660842597B110007E8969 /* DPLAppDelegate.m */,
				DAD6608B2597B112007E8969 /* Main.storyboard */,
				DAB83E97281EE6E300819589 /* DPLPreferencesLocalizedStrings.h */,
				DAB83E98281EE6E300819589 /* DPLPreferencesLocalizedStrings.m */,
				DA9266A325C6A1C9008D774A /* DPLDisplaysViewController */,
				DA425FE425E100BC007A78BD /* DPLPreferencesContentViewController */,
				DA9266A425C6A1E7008D774A /* DPLDisplayViewController */,
				DA9266A825C6A1EE008D774A /* DPLGeneralPreferencesViewController */,
				DAAA87A52597D7D000399006 /* Other… */,
			);
			path = DPLSettings;
			sourceTree = "<group>";
		};
/* End PBXGroup section */

/* Begin PBXNativeTarget section */
		DAC91F552532F6B200A08DE0 /* Displace */ = {
			isa = PBXNativeTarget;
			buildConfigurationList = DAC91F672532F6B200A08DE0 /* Build configuration list for PBXNativeTarget "Displace" */;
			buildPhases = (
				DAC91F522532F6B200A08DE0 /* Sources */,
				DAC91F532532F6B200A08DE0 /* Frameworks */,
				DAC91F542532F6B200A08DE0 /* Resources */,
				DAD660AA2597B18D007E8969 /* Embed Preferences */,
				DAEAF1C727CAB84900EFF33F /* Embed Frameworks */,
			);
			buildRules = (
			);
			dependencies = (
				DAD660A32597B16F007E8969 /* PBXTargetDependency */,
			);
			name = Displace;
			packageProductDependencies = (
				DAEAF1C427CAB84900EFF33F /* DisplaceKit */,
			);
			productName = Displace;
			productReference = DAC91F562532F6B200A08DE0 /* Displace.app */;
			productType = "com.apple.product-type.application";
		};
		DAD660802597B110007E8969 /* Displace Settings */ = {
			isa = PBXNativeTarget;
			buildConfigurationList = DAD660942597B112007E8969 /* Build configuration list for PBXNativeTarget "Displace Settings" */;
			buildPhases = (
				DAD6607D2597B110007E8969 /* Sources */,
				DAD6607E2597B110007E8969 /* Frameworks */,
				DAD6607F2597B110007E8969 /* Resources */,
				DAEAF1CB27CAB84E00EFF33F /* Embed Frameworks */,
			);
			buildRules = (
			);
			dependencies = (
			);
			name = "Displace Settings";
			packageProductDependencies = (
				DAEAF1C827CAB84E00EFF33F /* DisplaceKit */,
			);
			productName = DPLPreferences;
			productReference = DAD660812597B110007E8969 /* Displace Settings.app */;
			productType = "com.apple.product-type.application";
		};
/* End PBXNativeTarget section */

/* Begin PBXProject section */
		DAC91F4E2532F6B200A08DE0 /* Project object */ = {
			isa = PBXProject;
			attributes = {
				BuildIndependentTargetsInParallel = YES;
				CLASSPREFIX = DPL;
				LastUpgradeCheck = 1600;
				TargetAttributes = {
					DAC91F552532F6B200A08DE0 = {
						CreatedOnToolsVersion = 12.0.1;
					};
					DAD660802597B110007E8969 = {
						CreatedOnToolsVersion = 12.3;
					};
				};
			};
			buildConfigurationList = DAC91F512532F6B200A08DE0 /* Build configuration list for PBXProject "Displace" */;
			compatibilityVersion = "Xcode 9.3";
			developmentRegion = en;
			hasScannedForEncodings = 0;
			knownRegions = (
				en,
				Base,
			);
			mainGroup = DAC91F4D2532F6B200A08DE0;
			packageReferences = (
			);
			productRefGroup = DAC91F572532F6B200A08DE0 /* Products */;
			projectDirPath = "";
			projectRoot = "";
			targets = (
				DAC91F552532F6B200A08DE0 /* Displace */,
				DAD660802597B110007E8969 /* Displace Settings */,
			);
		};
/* End PBXProject section */

/* Begin PBXResourcesBuildPhase section */
		DAC91F542532F6B200A08DE0 /* Resources */ = {
			isa = PBXResourcesBuildPhase;
			buildActionMask = 2147483647;
			files = (
				DAC91F5D2532F6B200A08DE0 /* Assets.xcassets in Resources */,
				DAC91F602532F6B200A08DE0 /* MainMenu.xib in Resources */,
			);
			runOnlyForDeploymentPostprocessing = 0;
		};
		DAD6607F2597B110007E8969 /* Resources */ = {
			isa = PBXResourcesBuildPhase;
			buildActionMask = 2147483647;
			files = (
				DAD6608A2597B112007E8969 /* Assets.xcassets in Resources */,
				DA3DC73D2598972F00275021 /* InfoPlist.strings in Resources */,
				DA425FF825E10582007A78BD /* DPLGeneralPreferencesViewController.xib in Resources */,
				DA425FF325E101F4007A78BD /* DPLDisplayViewController.xib in Resources */,
				DAD6608D2597B112007E8969 /* Main.storyboard in Resources */,
			);
			runOnlyForDeploymentPostprocessing = 0;
		};
/* End PBXResourcesBuildPhase section */

/* Begin PBXSourcesBuildPhase section */
		DAC91F522532F6B200A08DE0 /* Sources */ = {
			isa = PBXSourcesBuildPhase;
			buildActionMask = 2147483647;
			files = (
				DAAA6B3225D86D89003BF8E7 /* DPLDisplayModeUserNotification.m in Sources */,
				DAC91F632532F6B200A08DE0 /* main.m in Sources */,
				DAFD864E258D3712004EB800 /* DPLAppController.m in Sources */,
				DA8063EE281C53FE006AE594 /* DPLLocalizedStrings.m in Sources */,
				DAB11482258E85FB008C2BE8 /* DPLMenuController.m in Sources */,
				DA87E90D25A076C800784FB5 /* DPLShortcutMonitor.m in Sources */,
			);
			runOnlyForDeploymentPostprocessing = 0;
		};
		DAD6607D2597B110007E8969 /* Sources */ = {
			isa = PBXSourcesBuildPhase;
			buildActionMask = 2147483647;
			files = (
				DA6E0F8D259A591D001316A1 /* DPLDisplayViewController.m in Sources */,
				DAD660902597B112007E8969 /* main.m in Sources */,
				DA7945A32598E17C00368E9A /* DPLPreferencesWindowController.m in Sources */,
				DAB83E99281EE6E300819589 /* DPLPreferencesLocalizedStrings.m in Sources */,
				DA6E0F93259A592A001316A1 /* DPLGeneralPreferencesViewController.m in Sources */,
				DA2ECE6A259A1800009542DB /* DPLPreferenceItem.m in Sources */,
				DA425FE825E100BC007A78BD /* DPLPreferencesContentViewController.m in Sources */,
				DA5D27632598E6BA000416F4 /* DPLDisplaysViewController.m in Sources */,
				DAD660852597B110007E8969 /* DPLAppDelegate.m in Sources */,
			);
			runOnlyForDeploymentPostprocessing = 0;
		};
/* End PBXSourcesBuildPhase section */

/* Begin PBXTargetDependency section */
		DAD660A32597B16F007E8969 /* PBXTargetDependency */ = {
			isa = PBXTargetDependency;
			target = DAD660802597B110007E8969 /* Displace Settings */;
			targetProxy = DAD660A22597B16F007E8969 /* PBXContainerItemProxy */;
		};
/* End PBXTargetDependency section */

/* Begin PBXVariantGroup section */
		DA3DC73B2598972F00275021 /* InfoPlist.strings */ = {
			isa = PBXVariantGroup;
			children = (
				DA3DC73C2598972F00275021 /* en */,
			);
			name = InfoPlist.strings;
			sourceTree = "<group>";
		};
		DAC91F5E2532F6B200A08DE0 /* MainMenu.xib */ = {
			isa = PBXVariantGroup;
			children = (
				DAC91F5F2532F6B200A08DE0 /* Base */,
			);
			name = MainMenu.xib;
			sourceTree = "<group>";
		};
		DAD6608B2597B112007E8969 /* Main.storyboard */ = {
			isa = PBXVariantGroup;
			children = (
				DAD6608C2597B112007E8969 /* Base */,
			);
			name = Main.storyboard;
			sourceTree = "<group>";
		};
/* End PBXVariantGroup section */

/* Begin XCBuildConfiguration section */
		DAC91F652532F6B200A08DE0 /* Debug */ = {
			isa = XCBuildConfiguration;
			baseConfigurationReference = DA3314ED259BA6B000B208F6 /* Configuration.xcconfig */;
			buildSettings = {
				ALWAYS_SEARCH_USER_PATHS = NO;
				ASSETCATALOG_COMPILER_GENERATE_SWIFT_ASSET_SYMBOL_EXTENSIONS = YES;
				CLANG_ANALYZER_NONNULL = YES;
				CLANG_ANALYZER_NUMBER_OBJECT_CONVERSION = YES_AGGRESSIVE;
				CLANG_CXX_LANGUAGE_STANDARD = "gnu++17";
				CLANG_CXX_LIBRARY = "libc++";
				CLANG_ENABLE_MODULES = YES;
				CLANG_ENABLE_OBJC_ARC = YES;
				CLANG_ENABLE_OBJC_WEAK = YES;
				CLANG_WARN_BLOCK_CAPTURE_AUTORELEASING = YES;
				CLANG_WARN_BOOL_CONVERSION = YES;
				CLANG_WARN_COMMA = YES;
				CLANG_WARN_CONSTANT_CONVERSION = YES;
				CLANG_WARN_DEPRECATED_OBJC_IMPLEMENTATIONS = YES;
				CLANG_WARN_DIRECT_OBJC_ISA_USAGE = YES_ERROR;
				CLANG_WARN_DOCUMENTATION_COMMENTS = YES;
				CLANG_WARN_EMPTY_BODY = YES;
				CLANG_WARN_ENUM_CONVERSION = YES;
				CLANG_WARN_INFINITE_RECURSION = YES;
				CLANG_WARN_INT_CONVERSION = YES;
				CLANG_WARN_NON_LITERAL_NULL_CONVERSION = YES;
				CLANG_WARN_OBJC_IMPLICIT_RETAIN_SELF = YES;
				CLANG_WARN_OBJC_LITERAL_CONVERSION = YES;
				CLANG_WARN_OBJC_ROOT_CLASS = YES_ERROR;
				CLANG_WARN_QUOTED_INCLUDE_IN_FRAMEWORK_HEADER = YES;
				CLANG_WARN_RANGE_LOOP_ANALYSIS = YES;
				CLANG_WARN_STRICT_PROTOTYPES = YES;
				CLANG_WARN_SUSPICIOUS_MOVE = YES;
				CLANG_WARN_UNGUARDED_AVAILABILITY = YES_AGGRESSIVE;
				CLANG_WARN_UNREACHABLE_CODE = YES;
				CLANG_WARN__DUPLICATE_METHOD_MATCH = YES;
				COPY_PHASE_STRIP = NO;
				DEAD_CODE_STRIPPING = YES;
				DEBUG_INFORMATION_FORMAT = dwarf;
				ENABLE_STRICT_OBJC_MSGSEND = YES;
				ENABLE_TESTABILITY = YES;
				ENABLE_USER_SCRIPT_SANDBOXING = YES;
				GCC_C_LANGUAGE_STANDARD = gnu11;
				GCC_DYNAMIC_NO_PIC = NO;
				GCC_NO_COMMON_BLOCKS = YES;
				GCC_OPTIMIZATION_LEVEL = 0;
				GCC_PREPROCESSOR_DEFINITIONS = (
					"DEBUG=1",
					"$(inherited)",
				);
				GCC_WARN_64_TO_32_BIT_CONVERSION = YES;
				GCC_WARN_ABOUT_RETURN_TYPE = YES_ERROR;
				GCC_WARN_UNDECLARED_SELECTOR = YES;
				GCC_WARN_UNINITIALIZED_AUTOS = YES_AGGRESSIVE;
				GCC_WARN_UNUSED_FUNCTION = YES;
				GCC_WARN_UNUSED_VARIABLE = YES;
				GENERATE_INFOPLIST_FILE = YES;
				MTL_ENABLE_DEBUG_INFO = INCLUDE_SOURCE;
				MTL_FAST_MATH = YES;
				ONLY_ACTIVE_ARCH = YES;
				SDKROOT = macosx;
			};
			name = Debug;
		};
		DAC91F662532F6B200A08DE0 /* Release */ = {
			isa = XCBuildConfiguration;
			baseConfigurationReference = DA3314ED259BA6B000B208F6 /* Configuration.xcconfig */;
			buildSettings = {
				ALWAYS_SEARCH_USER_PATHS = NO;
				ASSETCATALOG_COMPILER_GENERATE_SWIFT_ASSET_SYMBOL_EXTENSIONS = YES;
				CLANG_ANALYZER_NONNULL = YES;
				CLANG_ANALYZER_NUMBER_OBJECT_CONVERSION = YES_AGGRESSIVE;
				CLANG_CXX_LANGUAGE_STANDARD = "gnu++17";
				CLANG_CXX_LIBRARY = "libc++";
				CLANG_ENABLE_MODULES = YES;
				CLANG_ENABLE_OBJC_ARC = YES;
				CLANG_ENABLE_OBJC_WEAK = YES;
				CLANG_WARN_BLOCK_CAPTURE_AUTORELEASING = YES;
				CLANG_WARN_BOOL_CONVERSION = YES;
				CLANG_WARN_COMMA = YES;
				CLANG_WARN_CONSTANT_CONVERSION = YES;
				CLANG_WARN_DEPRECATED_OBJC_IMPLEMENTATIONS = YES;
				CLANG_WARN_DIRECT_OBJC_ISA_USAGE = YES_ERROR;
				CLANG_WARN_DOCUMENTATION_COMMENTS = YES;
				CLANG_WARN_EMPTY_BODY = YES;
				CLANG_WARN_ENUM_CONVERSION = YES;
				CLANG_WARN_INFINITE_RECURSION = YES;
				CLANG_WARN_INT_CONVERSION = YES;
				CLANG_WARN_NON_LITERAL_NULL_CONVERSION = YES;
				CLANG_WARN_OBJC_IMPLICIT_RETAIN_SELF = YES;
				CLANG_WARN_OBJC_LITERAL_CONVERSION = YES;
				CLANG_WARN_OBJC_ROOT_CLASS = YES_ERROR;
				CLANG_WARN_QUOTED_INCLUDE_IN_FRAMEWORK_HEADER = YES;
				CLANG_WARN_RANGE_LOOP_ANALYSIS = YES;
				CLANG_WARN_STRICT_PROTOTYPES = YES;
				CLANG_WARN_SUSPICIOUS_MOVE = YES;
				CLANG_WARN_UNGUARDED_AVAILABILITY = YES_AGGRESSIVE;
				CLANG_WARN_UNREACHABLE_CODE = YES;
				CLANG_WARN__DUPLICATE_METHOD_MATCH = YES;
				COPY_PHASE_STRIP = NO;
				DEAD_CODE_STRIPPING = YES;
				DEBUG_INFORMATION_FORMAT = "dwarf-with-dsym";
				ENABLE_NS_ASSERTIONS = NO;
				ENABLE_STRICT_OBJC_MSGSEND = YES;
				ENABLE_USER_SCRIPT_SANDBOXING = YES;
				GCC_C_LANGUAGE_STANDARD = gnu11;
				GCC_NO_COMMON_BLOCKS = YES;
				GCC_WARN_64_TO_32_BIT_CONVERSION = YES;
				GCC_WARN_ABOUT_RETURN_TYPE = YES_ERROR;
				GCC_WARN_UNDECLARED_SELECTOR = YES;
				GCC_WARN_UNINITIALIZED_AUTOS = YES_AGGRESSIVE;
				GCC_WARN_UNUSED_FUNCTION = YES;
				GCC_WARN_UNUSED_VARIABLE = YES;
				GENERATE_INFOPLIST_FILE = YES;
				MTL_ENABLE_DEBUG_INFO = NO;
				MTL_FAST_MATH = YES;
				SDKROOT = macosx;
			};
			name = Release;
		};
		DAC91F682532F6B200A08DE0 /* Debug */ = {
			isa = XCBuildConfiguration;
			buildSettings = {
				ASSETCATALOG_COMPILER_APPICON_NAME = AppIcon;
				CODE_SIGN_ENTITLEMENTS = Displace/Displace.entitlements;
				CODE_SIGN_IDENTITY = "Apple Development";
				CODE_SIGN_STYLE = Automatic;
				COMBINE_HIDPI_IMAGES = YES;
				DEAD_CODE_STRIPPING = YES;
				DEVELOPMENT_TEAM = 5KESHV9W85;
				ENABLE_HARDENED_RUNTIME = YES;
				INFOPLIST_FILE = Displace/Info.plist;
				LD_RUNPATH_SEARCH_PATHS = (
					"$(inherited)",
					"@executable_path/../Frameworks",
					"\"@executable_path/Displace Settings.app/Contents/Frameworks\"",
				);
				PRODUCT_NAME = "$(TARGET_NAME)";
				PROVISIONING_PROFILE_SPECIFIER = "";
			};
			name = Debug;
		};
		DAC91F692532F6B200A08DE0 /* Release */ = {
			isa = XCBuildConfiguration;
			buildSettings = {
				ASSETCATALOG_COMPILER_APPICON_NAME = AppIcon;
				CODE_SIGN_ENTITLEMENTS = Displace/Displace.entitlements;
				CODE_SIGN_IDENTITY = "Apple Development";
				CODE_SIGN_STYLE = Automatic;
				COMBINE_HIDPI_IMAGES = YES;
				DEAD_CODE_STRIPPING = YES;
				DEVELOPMENT_TEAM = 5KESHV9W85;
				ENABLE_HARDENED_RUNTIME = YES;
				INFOPLIST_FILE = Displace/Info.plist;
				LD_RUNPATH_SEARCH_PATHS = (
					"$(inherited)",
					"@executable_path/../Frameworks",
					"\"@executable_path/Displace Settings.app/Contents/Frameworks\"",
				);
				PRODUCT_NAME = "$(TARGET_NAME)";
				PROVISIONING_PROFILE_SPECIFIER = "";
			};
			name = Release;
		};
		DAD660922597B112007E8969 /* Debug */ = {
			isa = XCBuildConfiguration;
			buildSettings = {
				ASSETCATALOG_COMPILER_APPICON_NAME = AppIcon;
				ASSETCATALOG_COMPILER_GLOBAL_ACCENT_COLOR_NAME = AccentColor;
				CODE_SIGN_ENTITLEMENTS = DPLSettings/DPLSettings.entitlements;
				CODE_SIGN_IDENTITY = "Apple Development";
				CODE_SIGN_STYLE = Automatic;
				COMBINE_HIDPI_IMAGES = YES;
				DEAD_CODE_STRIPPING = YES;
				DEVELOPMENT_TEAM = 5KESHV9W85;
				ENABLE_HARDENED_RUNTIME = YES;
				INFOPLIST_FILE = DPLSettings/Info.plist;
				LD_RUNPATH_SEARCH_PATHS = (
					"$(inherited)",
					"@executable_path/../Frameworks",
				);
				PRODUCT_BUNDLE_IDENTIFIER = "info.marcel-dierkes.Displace.Preferences";
				PRODUCT_NAME = "$(TARGET_NAME)";
				SKIP_INSTALL = YES;
			};
			name = Debug;
		};
		DAD660932597B112007E8969 /* Release */ = {
			isa = XCBuildConfiguration;
			buildSettings = {
				ASSETCATALOG_COMPILER_APPICON_NAME = AppIcon;
				ASSETCATALOG_COMPILER_GLOBAL_ACCENT_COLOR_NAME = AccentColor;
				CODE_SIGN_ENTITLEMENTS = DPLSettings/DPLSettings.entitlements;
				CODE_SIGN_IDENTITY = "Apple Development";
				CODE_SIGN_STYLE = Automatic;
				COMBINE_HIDPI_IMAGES = YES;
				DEAD_CODE_STRIPPING = YES;
				DEVELOPMENT_TEAM = 5KESHV9W85;
				ENABLE_HARDENED_RUNTIME = YES;
				INFOPLIST_FILE = DPLSettings/Info.plist;
				LD_RUNPATH_SEARCH_PATHS = (
					"$(inherited)",
					"@executable_path/../Frameworks",
				);
				PRODUCT_BUNDLE_IDENTIFIER = "info.marcel-dierkes.Displace.Preferences";
				PRODUCT_NAME = "$(TARGET_NAME)";
				SKIP_INSTALL = YES;
			};
			name = Release;
		};
/* End XCBuildConfiguration section */

/* Begin XCConfigurationList section */
		DAC91F512532F6B200A08DE0 /* Build configuration list for PBXProject "Displace" */ = {
			isa = XCConfigurationList;
			buildConfigurations = (
				DAC91F652532F6B200A08DE0 /* Debug */,
				DAC91F662532F6B200A08DE0 /* Release */,
			);
			defaultConfigurationIsVisible = 0;
			defaultConfigurationName = Release;
		};
		DAC91F672532F6B200A08DE0 /* Build configuration list for PBXNativeTarget "Displace" */ = {
			isa = XCConfigurationList;
			buildConfigurations = (
				DAC91F682532F6B200A08DE0 /* Debug */,
				DAC91F692532F6B200A08DE0 /* Release */,
			);
			defaultConfigurationIsVisible = 0;
			defaultConfigurationName = Release;
		};
		DAD660942597B112007E8969 /* Build configuration list for PBXNativeTarget "Displace Settings" */ = {
			isa = XCConfigurationList;
			buildConfigurations = (
				DAD660922597B112007E8969 /* Debug */,
				DAD660932597B112007E8969 /* Release */,
			);
			defaultConfigurationIsVisible = 0;
			defaultConfigurationName = Release;
		};
/* End XCConfigurationList section */

/* Begin XCSwiftPackageProductDependency section */
		DAEAF1C427CAB84900EFF33F /* DisplaceKit */ = {
			isa = XCSwiftPackageProductDependency;
			productName = DisplaceKit;
		};
		DAEAF1C827CAB84E00EFF33F /* DisplaceKit */ = {
			isa = XCSwiftPackageProductDependency;
			productName = DisplaceKit;
		};
/* End XCSwiftPackageProductDependency section */
	};
	rootObject = DAC91F4E2532F6B200A08DE0 /* Project object */;
}
